{
  "name": "portfolio",
  "version": "0.1.0",
  "lockfileVersion": 1,
  "requires": true,
  "dependencies": {
    "@types/flickity": {
      "version": "2.0.1",
      "resolved": "https://registry.npmjs.org/@types/flickity/-/flickity-2.0.1.tgz",
      "integrity": "sha512-cvVYbFCMM6ke442INd0zWhq0b+Vj/TsGsGkbM8jhrQ7fkzqLXrou6L712jVFFohM9QGx2QIrTRJDsenPtLLvpA=="
    }
  }
}
